
Microsoft Visual Studio Solution File, Format Version 12.00
# Visual Studio 15
VisualStudioVersion = 15.0.28010.2041
MinimumVisualStudioVersion = 10.0.40219.1
Project("{FAE04EC0-301F-11D3-BF4B-00C04F79EFBC}") = "Lecture", "Lecture\Lecture.csproj", "{7725B8B1-C994-4BC4-972D-58B454FB1B04}"
EndProject
Global
	GlobalSection(SolutionConfigurationPlatforms) = preSolution
		Debug|Any CPU = Debug|Any CPU
		Release|Any CPU = Release|Any CPU
	EndGlobalSection
	GlobalSection(ProjectConfigurationPlatforms) = postSolution
		{7725B8B1-C994-4BC4-972D-58B454FB1B04}.Debug|Any CPU.ActiveCfg = Debug|Any CPU
		{7725B8B1-C994-4BC4-972D-58B454FB1B04}.Debug|Any CPU.Build.0 = Debug|Any CPU
		{7725B8B1-C994-4BC4-972D-58B454FB1B04}.Release|Any CPU.ActiveCfg = Release|Any CPU
		{7725B8B1-C994-4BC4-972D-58B454FB1B04}.Release|Any CPU.Build.0 = Release|Any CPU
	EndGlobalSection
	GlobalSection(SolutionProperties) = preSolution
		HideSolutionNode = FALSE
	EndGlobalSection
	GlobalSection(ExtensibilityGlobals) = postSolution
		SolutionGuid = {8581F466-535F-471C-9587-461F7A9E5FBC}
	EndGlobalSection
EndGlobal
